// !$*UTF8*$!
{
	archiveVersion = 1;
	classes = {
	};
	objectVersion = 47;
	objects = {

/* Begin PBXBuildFile section */
		360397F3C68AD13380403107 /* libPods.a in Frameworks */ = {isa = PBXBuildFile; fileRef = 3CD091B6492B4AB67527525E /* libPods.a */; };
		C742F33C1CEC10AA00D0B7E2 /* main.m in Sources */ = {isa = PBXBuildFile; fileRef = C742F33B1CEC10AA00D0B7E2 /* main.m */; };
		C742F33F1CEC10AA00D0B7E2 /* AppDelegate.m in Sources */ = {isa = PBXBuildFile; fileRef = C742F33E1CEC10AA00D0B7E2 /* AppDelegate.m */; };
		C742F3421CEC10AA00D0B7E2 /* TweeterTableViewController.m in Sources */ = {isa = PBXBuildFile; fileRef = C742F3411CEC10AA00D0B7E2 /* TweeterTableViewController.m */; };
		C742F3451CEC10AA00D0B7E2 /* Main.storyboard in Resources */ = {isa = PBXBuildFile; fileRef = C742F3431CEC10AA00D0B7E2 /* Main.storyboard */; };
		C742F3471CEC10AA00D0B7E2 /* Assets.xcassets in Resources */ = {isa = PBXBuildFile; fileRef = C742F3461CEC10AA00D0B7E2 /* Assets.xcassets */; };
		C742F34A1CEC10AA00D0B7E2 /* LaunchScreen.storyboard in Resources */ = {isa = PBXBuildFile; fileRef = C742F3481CEC10AA00D0B7E2 /* LaunchScreen.storyboard */; };
		C742F3551CEC10AA00D0B7E2 /* GraceNoteTests.m in Sources */ = {isa = PBXBuildFile; fileRef = C742F3541CEC10AA00D0B7E2 /* GraceNoteTests.m */; };
		C742F3601CEC10AA00D0B7E2 /* GraceNoteUITests.m in Sources */ = {isa = PBXBuildFile; fileRef = C742F35F1CEC10AA00D0B7E2 /* GraceNoteUITests.m */; };
		C742F36F1CEC121000D0B7E2 /* TweeterTableViewCell.m in Sources */ = {isa = PBXBuildFile; fileRef = C742F36E1CEC121000D0B7E2 /* TweeterTableViewCell.m */; };
		C742F3721CEC187B00D0B7E2 /* TweeterViewController.m in Sources */ = {isa = PBXBuildFile; fileRef = C742F3711CEC187B00D0B7E2 /* TweeterViewController.m */; };
		C753CA321CEF722C00B0E78E /* TweetDetailViewController.m in Sources */ = {isa = PBXBuildFile; fileRef = C753CA311CEF722C00B0E78E /* TweetDetailViewController.m */; };
		C753CA351CF3D3DB00B0E78E /* UITextView+RoundedCorners.m in Sources */ = {isa = PBXBuildFile; fileRef = C753CA341CF3D3DB00B0E78E /* UITextView+RoundedCorners.m */; };
		C753CA381CF3D4B500B0E78E /* UIImage+OvalPortrait.m in Sources */ = {isa = PBXBuildFile; fileRef = C753CA371CF3D4B500B0E78E /* UIImage+OvalPortrait.m */; };
		C77576971CF4FF3E00A26413 /* Social.framework in Frameworks */ = {isa = PBXBuildFile; fileRef = C77576961CF4FF3E00A26413 /* Social.framework */; };
		C77576991CF4FF7800A26413 /* Accounts.framework in Frameworks */ = {isa = PBXBuildFile; fileRef = C77576981CF4FF7800A26413 /* Accounts.framework */; };
		C775769C1CF63E7500A26413 /* UIColor+Additions.m in Sources */ = {isa = PBXBuildFile; fileRef = C775769B1CF63E7500A26413 /* UIColor+Additions.m */; };
		C775769F1CF63F1E00A26413 /* RoundedCornersButton.m in Sources */ = {isa = PBXBuildFile; fileRef = C775769E1CF63F1E00A26413 /* RoundedCornersButton.m */; };
		C7B18EDB1CECB52300B002FE /* TweetImageView.m in Sources */ = {isa = PBXBuildFile; fileRef = C7B18EDA1CECB52300B002FE /* TweetImageView.m */; };
		C7B18EDE1CECBE5900B002FE /* TweetStream.m in Sources */ = {isa = PBXBuildFile; fileRef = C7B18EDD1CECBE5900B002FE /* TweetStream.m */; };
		C7B18EE11CECBE6900B002FE /* PoliticalTweetStream.m in Sources */ = {isa = PBXBuildFile; fileRef = C7B18EE01CECBE6900B002FE /* PoliticalTweetStream.m */; };
		C7B18EE41CED0FBA00B002FE /* Tweet.m in Sources */ = {isa = PBXBuildFile; fileRef = C7B18EE31CED0FBA00B002FE /* Tweet.m */; };
		C7B18EE71CED0FC700B002FE /* PoliticalTweet.m in Sources */ = {isa = PBXBuildFile; fileRef = C7B18EE61CED0FC700B002FE /* PoliticalTweet.m */; };
		C7B18EEA1CED135F00B002FE /* NSString+Utility.m in Sources */ = {isa = PBXBuildFile; fileRef = C7B18EE91CED135F00B002FE /* NSString+Utility.m */; };
		C7B18EEF1CED283D00B002FE /* FKAuthViewController.m in Sources */ = {isa = PBXBuildFile; fileRef = C7B18EED1CED283D00B002FE /* FKAuthViewController.m */; };
		DF78BD0BA75811E1E32F0F05 /* libPods.a in Frameworks */ = {isa = PBXBuildFile; fileRef = 3CD091B6492B4AB67527525E /* libPods.a */; };
/* End PBXBuildFile section */

/* Begin PBXContainerItemProxy section */
		C742F3511CEC10AA00D0B7E2 /* PBXContainerItemProxy */ = {
			isa = PBXContainerItemProxy;
			containerPortal = C742F32F1CEC10AA00D0B7E2 /* Project object */;
			proxyType = 1;
			remoteGlobalIDString = C742F3361CEC10AA00D0B7E2;
			remoteInfo = GraceNote;
		};
		C742F35C1CEC10AA00D0B7E2 /* PBXContainerItemProxy */ = {
			isa = PBXContainerItemProxy;
			containerPortal = C742F32F1CEC10AA00D0B7E2 /* Project object */;
			proxyType = 1;
			remoteGlobalIDString = C742F3361CEC10AA00D0B7E2;
			remoteInfo = GraceNote;
		};
/* End PBXContainerItemProxy section */

/* Begin PBXFileReference section */
		3CD091B6492B4AB67527525E /* libPods.a */ = {isa = PBXFileReference; explicitFileType = archive.ar; includeInIndex = 0; path = libPods.a; sourceTree = BUILT_PRODUCTS_DIR; };
		BF356B2080321547469256FC /* Pods.release.xcconfig */ = {isa = PBXFileReference; includeInIndex = 1; lastKnownFileType = text.xcconfig; name = Pods.release.xcconfig; path = "Pods/Target Support Files/Pods/Pods.release.xcconfig"; sourceTree = "<group>"; };
		C742F3371CEC10AA00D0B7E2 /* PolCat.app */ = {isa = PBXFileReference; explicitFileType = wrapper.application; includeInIndex = 0; path = PolCat.app; sourceTree = BUILT_PRODUCTS_DIR; };
		C742F33B1CEC10AA00D0B7E2 /* main.m */ = {isa = PBXFileReference; lastKnownFileType = sourcecode.c.objc; path = main.m; sourceTree = "<group>"; };
		C742F33D1CEC10AA00D0B7E2 /* AppDelegate.h */ = {isa = PBXFileReference; lastKnownFileType = sourcecode.c.h; path = AppDelegate.h; sourceTree = "<group>"; };
		C742F33E1CEC10AA00D0B7E2 /* AppDelegate.m */ = {isa = PBXFileReference; lastKnownFileType = sourcecode.c.objc; path = AppDelegate.m; sourceTree = "<group>"; };
		C742F3401CEC10AA00D0B7E2 /* TweeterTableViewController.h */ = {isa = PBXFileReference; lastKnownFileType = sourcecode.c.h; path = TweeterTableViewController.h; sourceTree = "<group>"; };
		C742F3411CEC10AA00D0B7E2 /* TweeterTableViewController.m */ = {isa = PBXFileReference; lastKnownFileType = sourcecode.c.objc; path = TweeterTableViewController.m; sourceTree = "<group>"; };
		C742F3441CEC10AA00D0B7E2 /* Base */ = {isa = PBXFileReference; lastKnownFileType = file.storyboard; name = Base; path = Base.lproj/Main.storyboard; sourceTree = "<group>"; };
		C742F3461CEC10AA00D0B7E2 /* Assets.xcassets */ = {isa = PBXFileReference; lastKnownFileType = folder.assetcatalog; path = Assets.xcassets; sourceTree = "<group>"; };
		C742F3491CEC10AA00D0B7E2 /* Base */ = {isa = PBXFileReference; lastKnownFileType = file.storyboard; name = Base; path = Base.lproj/LaunchScreen.storyboard; sourceTree = "<group>"; };
		C742F34B1CEC10AA00D0B7E2 /* Info.plist */ = {isa = PBXFileReference; lastKnownFileType = text.plist.xml; path = Info.plist; sourceTree = "<group>"; };
		C742F3501CEC10AA00D0B7E2 /* PolCat.xctest */ = {isa = PBXFileReference; explicitFileType = wrapper.cfbundle; includeInIndex = 0; path = PolCat.xctest; sourceTree = BUILT_PRODUCTS_DIR; };
		C742F3541CEC10AA00D0B7E2 /* GraceNoteTests.m */ = {isa = PBXFileReference; lastKnownFileType = sourcecode.c.objc; path = GraceNoteTests.m; sourceTree = "<group>"; };
		C742F3561CEC10AA00D0B7E2 /* Info.plist */ = {isa = PBXFileReference; lastKnownFileType = text.plist.xml; path = Info.plist; sourceTree = "<group>"; };
		C742F35B1CEC10AA00D0B7E2 /* PolCat.xctest */ = {isa = PBXFileReference; explicitFileType = wrapper.cfbundle; includeInIndex = 0; path = PolCat.xctest; sourceTree = BUILT_PRODUCTS_DIR; };
		C742F35F1CEC10AA00D0B7E2 /* GraceNoteUITests.m */ = {isa = PBXFileReference; lastKnownFileType = sourcecode.c.objc; path = GraceNoteUITests.m; sourceTree = "<group>"; };
		C742F3611CEC10AA00D0B7E2 /* Info.plist */ = {isa = PBXFileReference; lastKnownFileType = text.plist.xml; path = Info.plist; sourceTree = "<group>"; };
		C742F36D1CEC121000D0B7E2 /* TweeterTableViewCell.h */ = {isa = PBXFileReference; fileEncoding = 4; lastKnownFileType = sourcecode.c.h; path = TweeterTableViewCell.h; sourceTree = "<group>"; };
		C742F36E1CEC121000D0B7E2 /* TweeterTableViewCell.m */ = {isa = PBXFileReference; fileEncoding = 4; lastKnownFileType = sourcecode.c.objc; path = TweeterTableViewCell.m; sourceTree = "<group>"; };
		C742F3701CEC187B00D0B7E2 /* TweeterViewController.h */ = {isa = PBXFileReference; fileEncoding = 4; lastKnownFileType = sourcecode.c.h; path = TweeterViewController.h; sourceTree = "<group>"; };
		C742F3711CEC187B00D0B7E2 /* TweeterViewController.m */ = {isa = PBXFileReference; fileEncoding = 4; lastKnownFileType = sourcecode.c.objc; path = TweeterViewController.m; sourceTree = "<group>"; };
		C753CA301CEF722C00B0E78E /* TweetDetailViewController.h */ = {isa = PBXFileReference; fileEncoding = 4; lastKnownFileType = sourcecode.c.h; path = TweetDetailViewController.h; sourceTree = "<group>"; };
		C753CA311CEF722C00B0E78E /* TweetDetailViewController.m */ = {isa = PBXFileReference; fileEncoding = 4; lastKnownFileType = sourcecode.c.objc; path = TweetDetailViewController.m; sourceTree = "<group>"; };
		C753CA331CF3D3DB00B0E78E /* UITextView+RoundedCorners.h */ = {isa = PBXFileReference; fileEncoding = 4; lastKnownFileType = sourcecode.c.h; path = "UITextView+RoundedCorners.h"; sourceTree = "<group>"; };
		C753CA341CF3D3DB00B0E78E /* UITextView+RoundedCorners.m */ = {isa = PBXFileReference; fileEncoding = 4; lastKnownFileType = sourcecode.c.objc; path = "UITextView+RoundedCorners.m"; sourceTree = "<group>"; };
		C753CA361CF3D4B500B0E78E /* UIImage+OvalPortrait.h */ = {isa = PBXFileReference; fileEncoding = 4; lastKnownFileType = sourcecode.c.h; path = "UIImage+OvalPortrait.h"; sourceTree = "<group>"; };
		C753CA371CF3D4B500B0E78E /* UIImage+OvalPortrait.m */ = {isa = PBXFileReference; fileEncoding = 4; lastKnownFileType = sourcecode.c.objc; path = "UIImage+OvalPortrait.m"; sourceTree = "<group>"; };
		C77576961CF4FF3E00A26413 /* Social.framework */ = {isa = PBXFileReference; lastKnownFileType = wrapper.framework; name = Social.framework; path = System/Library/Frameworks/Social.framework; sourceTree = SDKROOT; };
		C77576981CF4FF7800A26413 /* Accounts.framework */ = {isa = PBXFileReference; lastKnownFileType = wrapper.framework; name = Accounts.framework; path = System/Library/Frameworks/Accounts.framework; sourceTree = SDKROOT; };
		C775769A1CF63E7500A26413 /* UIColor+Additions.h */ = {isa = PBXFileReference; fileEncoding = 4; lastKnownFileType = sourcecode.c.h; path = "UIColor+Additions.h"; sourceTree = "<group>"; };
		C775769B1CF63E7500A26413 /* UIColor+Additions.m */ = {isa = PBXFileReference; fileEncoding = 4; lastKnownFileType = sourcecode.c.objc; path = "UIColor+Additions.m"; sourceTree = "<group>"; };
		C775769D1CF63F1E00A26413 /* RoundedCornersButton.h */ = {isa = PBXFileReference; fileEncoding = 4; lastKnownFileType = sourcecode.c.h; path = RoundedCornersButton.h; sourceTree = "<group>"; };
		C775769E1CF63F1E00A26413 /* RoundedCornersButton.m */ = {isa = PBXFileReference; fileEncoding = 4; lastKnownFileType = sourcecode.c.objc; path = RoundedCornersButton.m; sourceTree = "<group>"; };
		C7B18ED91CECB52300B002FE /* TweetImageView.h */ = {isa = PBXFileReference; fileEncoding = 4; lastKnownFileType = sourcecode.c.h; path = TweetImageView.h; sourceTree = "<group>"; };
		C7B18EDA1CECB52300B002FE /* TweetImageView.m */ = {isa = PBXFileReference; fileEncoding = 4; lastKnownFileType = sourcecode.c.objc; path = TweetImageView.m; sourceTree = "<group>"; };
		C7B18EDC1CECBE5900B002FE /* TweetStream.h */ = {isa = PBXFileReference; fileEncoding = 4; lastKnownFileType = sourcecode.c.h; path = TweetStream.h; sourceTree = "<group>"; };
		C7B18EDD1CECBE5900B002FE /* TweetStream.m */ = {isa = PBXFileReference; fileEncoding = 4; lastKnownFileType = sourcecode.c.objc; path = TweetStream.m; sourceTree = "<group>"; };
		C7B18EDF1CECBE6900B002FE /* PoliticalTweetStream.h */ = {isa = PBXFileReference; fileEncoding = 4; lastKnownFileType = sourcecode.c.h; path = PoliticalTweetStream.h; sourceTree = "<group>"; };
		C7B18EE01CECBE6900B002FE /* PoliticalTweetStream.m */ = {isa = PBXFileReference; fileEncoding = 4; lastKnownFileType = sourcecode.c.objc; path = PoliticalTweetStream.m; sourceTree = "<group>"; };
		C7B18EE21CED0FBA00B002FE /* Tweet.h */ = {isa = PBXFileReference; fileEncoding = 4; lastKnownFileType = sourcecode.c.h; path = Tweet.h; sourceTree = "<group>"; };
		C7B18EE31CED0FBA00B002FE /* Tweet.m */ = {isa = PBXFileReference; fileEncoding = 4; lastKnownFileType = sourcecode.c.objc; path = Tweet.m; sourceTree = "<group>"; };
		C7B18EE51CED0FC700B002FE /* PoliticalTweet.h */ = {isa = PBXFileReference; fileEncoding = 4; lastKnownFileType = sourcecode.c.h; path = PoliticalTweet.h; sourceTree = "<group>"; };
		C7B18EE61CED0FC700B002FE /* PoliticalTweet.m */ = {isa = PBXFileReference; fileEncoding = 4; lastKnownFileType = sourcecode.c.objc; path = PoliticalTweet.m; sourceTree = "<group>"; };
		C7B18EE81CED135F00B002FE /* NSString+Utility.h */ = {isa = PBXFileReference; fileEncoding = 4; lastKnownFileType = sourcecode.c.h; path = "NSString+Utility.h"; sourceTree = "<group>"; };
		C7B18EE91CED135F00B002FE /* NSString+Utility.m */ = {isa = PBXFileReference; fileEncoding = 4; lastKnownFileType = sourcecode.c.objc; path = "NSString+Utility.m"; sourceTree = "<group>"; };
		C7B18EEC1CED283D00B002FE /* FKAuthViewController.h */ = {isa = PBXFileReference; fileEncoding = 4; lastKnownFileType = sourcecode.c.h; path = FKAuthViewController.h; sourceTree = "<group>"; };
		C7B18EED1CED283D00B002FE /* FKAuthViewController.m */ = {isa = PBXFileReference; fileEncoding = 4; lastKnownFileType = sourcecode.c.objc; path = FKAuthViewController.m; sourceTree = "<group>"; };
		E75BCA891B65B1068CC184B8 /* Pods.debug.xcconfig */ = {isa = PBXFileReference; includeInIndex = 1; lastKnownFileType = text.xcconfig; name = Pods.debug.xcconfig; path = "Pods/Target Support Files/Pods/Pods.debug.xcconfig"; sourceTree = "<group>"; };
/* End PBXFileReference section */

/* Begin PBXFrameworksBuildPhase section */
		C742F3341CEC10AA00D0B7E2 /* Frameworks */ = {
			isa = PBXFrameworksBuildPhase;
			buildActionMask = 2147483647;
			files = (
				C77576991CF4FF7800A26413 /* Accounts.framework in Frameworks */,
				C77576971CF4FF3E00A26413 /* Social.framework in Frameworks */,
				360397F3C68AD13380403107 /* libPods.a in Frameworks */,
			);
			runOnlyForDeploymentPostprocessing = 0;
		};
		C742F34D1CEC10AA00D0B7E2 /* Frameworks */ = {
			isa = PBXFrameworksBuildPhase;
			buildActionMask = 2147483647;
			files = (
				DF78BD0BA75811E1E32F0F05 /* libPods.a in Frameworks */,
			);
			runOnlyForDeploymentPostprocessing = 0;
		};
		C742F3581CEC10AA00D0B7E2 /* Frameworks */ = {
			isa = PBXFrameworksBuildPhase;
			buildActionMask = 2147483647;
			files = (
			);
			runOnlyForDeploymentPostprocessing = 0;
		};
/* End PBXFrameworksBuildPhase section */

/* Begin PBXGroup section */
		84E7F062ABA305289EADB93E /* Pods */ = {
			isa = PBXGroup;
			children = (
				E75BCA891B65B1068CC184B8 /* Pods.debug.xcconfig */,
				BF356B2080321547469256FC /* Pods.release.xcconfig */,
			);
			name = Pods;
			sourceTree = "<group>";
		};
		C742F32E1CEC10AA00D0B7E2 = {
			isa = PBXGroup;
			children = (
				C742F3391CEC10AA00D0B7E2 /* PolCat */,
				C742F3531CEC10AA00D0B7E2 /* PolCatTests */,
				C742F35E1CEC10AA00D0B7E2 /* PolCatUITests */,
				C742F3381CEC10AA00D0B7E2 /* Products */,
				84E7F062ABA305289EADB93E /* Pods */,
				DFD10644CD18D6F977AF8FCA /* Frameworks */,
			);
			sourceTree = "<group>";
		};
		C742F3381CEC10AA00D0B7E2 /* Products */ = {
			isa = PBXGroup;
			children = (
				C742F3371CEC10AA00D0B7E2 /* PolCat.app */,
				C742F3501CEC10AA00D0B7E2 /* PolCat.xctest */,
				C742F35B1CEC10AA00D0B7E2 /* PolCat.xctest */,
			);
			name = Products;
			sourceTree = "<group>";
		};
		C742F3391CEC10AA00D0B7E2 /* PolCat */ = {
			isa = PBXGroup;
			children = (
				C742F33D1CEC10AA00D0B7E2 /* AppDelegate.h */,
				C742F33E1CEC10AA00D0B7E2 /* AppDelegate.m */,
				C742F3461CEC10AA00D0B7E2 /* Assets.xcassets */,
				C753CA2F1CEE2D1600B0E78E /* Feed List */,
				C753CA2D1CEE2CEE00B0E78E /* Flickr */,
				C742F34B1CEC10AA00D0B7E2 /* Info.plist */,
				C742F3481CEC10AA00D0B7E2 /* LaunchScreen.storyboard */,
				C742F3431CEC10AA00D0B7E2 /* Main.storyboard */,
				C753CA2C1CEE2CC300B0E78E /* Streams */,
				C742F33A1CEC10AA00D0B7E2 /* Supporting Files */,
				C753CA2E1CEE2D0200B0E78E /* Tweets */,
			);
			name = PolCat;
			path = GraceNote;
			sourceTree = "<group>";
		};
		C742F33A1CEC10AA00D0B7E2 /* Supporting Files */ = {
			isa = PBXGroup;
			children = (
				C775769D1CF63F1E00A26413 /* RoundedCornersButton.h */,
				C775769E1CF63F1E00A26413 /* RoundedCornersButton.m */,
				C775769A1CF63E7500A26413 /* UIColor+Additions.h */,
				C775769B1CF63E7500A26413 /* UIColor+Additions.m */,
				C7B18EE81CED135F00B002FE /* NSString+Utility.h */,
				C7B18EE91CED135F00B002FE /* NSString+Utility.m */,
				C742F33B1CEC10AA00D0B7E2 /* main.m */,
				C753CA331CF3D3DB00B0E78E /* UITextView+RoundedCorners.h */,
				C753CA341CF3D3DB00B0E78E /* UITextView+RoundedCorners.m */,
				C753CA361CF3D4B500B0E78E /* UIImage+OvalPortrait.h */,
				C753CA371CF3D4B500B0E78E /* UIImage+OvalPortrait.m */,
			);
			name = "Supporting Files";
			sourceTree = "<group>";
		};
		C742F3531CEC10AA00D0B7E2 /* PolCatTests */ = {
			isa = PBXGroup;
			children = (
				C742F3541CEC10AA00D0B7E2 /* GraceNoteTests.m */,
				C742F3561CEC10AA00D0B7E2 /* Info.plist */,
			);
			name = PolCatTests;
			path = GraceNoteTests;
			sourceTree = "<group>";
		};
		C742F35E1CEC10AA00D0B7E2 /* PolCatUITests */ = {
			isa = PBXGroup;
			children = (
				C742F35F1CEC10AA00D0B7E2 /* GraceNoteUITests.m */,
				C742F3611CEC10AA00D0B7E2 /* Info.plist */,
			);
			name = PolCatUITests;
			path = GraceNoteUITests;
			sourceTree = "<group>";
		};
		C753CA2C1CEE2CC300B0E78E /* Streams */ = {
			isa = PBXGroup;
			children = (
				C7B18EDF1CECBE6900B002FE /* PoliticalTweetStream.h */,
				C7B18EE01CECBE6900B002FE /* PoliticalTweetStream.m */,
				C7B18EDC1CECBE5900B002FE /* TweetStream.h */,
				C7B18EDD1CECBE5900B002FE /* TweetStream.m */,
			);
			name = Streams;
			sourceTree = "<group>";
		};
		C753CA2D1CEE2CEE00B0E78E /* Flickr */ = {
			isa = PBXGroup;
			children = (
				C7B18EEC1CED283D00B002FE /* FKAuthViewController.h */,
				C7B18EED1CED283D00B002FE /* FKAuthViewController.m */,
			);
			name = Flickr;
			sourceTree = "<group>";
		};
		C753CA2E1CEE2D0200B0E78E /* Tweets */ = {
			isa = PBXGroup;
			children = (
				C7B18EE51CED0FC700B002FE /* PoliticalTweet.h */,
				C7B18EE61CED0FC700B002FE /* PoliticalTweet.m */,
				C7B18EE21CED0FBA00B002FE /* Tweet.h */,
				C7B18EE31CED0FBA00B002FE /* Tweet.m */,
			);
			name = Tweets;
			sourceTree = "<group>";
		};
		C753CA2F1CEE2D1600B0E78E /* Feed List */ = {
			isa = PBXGroup;
			children = (
				C742F36D1CEC121000D0B7E2 /* TweeterTableViewCell.h */,
				C742F36E1CEC121000D0B7E2 /* TweeterTableViewCell.m */,
				C742F3401CEC10AA00D0B7E2 /* TweeterTableViewController.h */,
				C742F3411CEC10AA00D0B7E2 /* TweeterTableViewController.m */,
				C742F3701CEC187B00D0B7E2 /* TweeterViewController.h */,
				C742F3711CEC187B00D0B7E2 /* TweeterViewController.m */,
				C7B18ED91CECB52300B002FE /* TweetImageView.h */,
				C7B18EDA1CECB52300B002FE /* TweetImageView.m */,
				C753CA301CEF722C00B0E78E /* TweetDetailViewController.h */,
				C753CA311CEF722C00B0E78E /* TweetDetailViewController.m */,
			);
			name = "Feed List";
			sourceTree = "<group>";
		};
		DFD10644CD18D6F977AF8FCA /* Frameworks */ = {
			isa = PBXGroup;
			children = (
				C77576981CF4FF7800A26413 /* Accounts.framework */,
				C77576961CF4FF3E00A26413 /* Social.framework */,
				3CD091B6492B4AB67527525E /* libPods.a */,
			);
			name = Frameworks;
			sourceTree = "<group>";
		};
/* End PBXGroup section */

/* Begin PBXNativeTarget section */
		C742F3361CEC10AA00D0B7E2 /* PolCat */ = {
			isa = PBXNativeTarget;
			buildConfigurationList = C742F3641CEC10AA00D0B7E2 /* Build configuration list for PBXNativeTarget "PolCat" */;
			buildPhases = (
				F5AE3C1F40B95ABE407F07DA /* Check Pods Manifest.lock */,
				C742F3331CEC10AA00D0B7E2 /* Sources */,
				C742F3341CEC10AA00D0B7E2 /* Frameworks */,
				C742F3351CEC10AA00D0B7E2 /* Resources */,
				57265610C90E42E0BB94945F /* Embed Pods Frameworks */,
				7B685A384BAF6C90E08E7DF6 /* Copy Pods Resources */,
			);
			buildRules = (
			);
			dependencies = (
			);
			name = PolCat;
			productName = GraceNote;
			productReference = C742F3371CEC10AA00D0B7E2 /* PolCat.app */;
			productType = "com.apple.product-type.application";
		};
		C742F34F1CEC10AA00D0B7E2 /* PolCatTests */ = {
			isa = PBXNativeTarget;
			buildConfigurationList = C742F3671CEC10AA00D0B7E2 /* Build configuration list for PBXNativeTarget "PolCatTests" */;
			buildPhases = (
				B765E4D393C80C373EF1860C /* Check Pods Manifest.lock */,
				C742F34C1CEC10AA00D0B7E2 /* Sources */,
				C742F34D1CEC10AA00D0B7E2 /* Frameworks */,
				C742F34E1CEC10AA00D0B7E2 /* Resources */,
				4C7B8E89D10547C59FF6DFB8 /* Embed Pods Frameworks */,
				E26A0EBD6498ECC62D70462D /* Copy Pods Resources */,
			);
			buildRules = (
			);
			dependencies = (
				C742F3521CEC10AA00D0B7E2 /* PBXTargetDependency */,
			);
			name = PolCatTests;
			productName = GraceNoteTests;
			productReference = C742F3501CEC10AA00D0B7E2 /* PolCat.xctest */;
			productType = "com.apple.product-type.bundle.unit-test";
		};
		C742F35A1CEC10AA00D0B7E2 /* PolCatUITests */ = {
			isa = PBXNativeTarget;
			buildConfigurationList = C742F36A1CEC10AA00D0B7E2 /* Build configuration list for PBXNativeTarget "PolCatUITests" */;
			buildPhases = (
				C742F3571CEC10AA00D0B7E2 /* Sources */,
				C742F3581CEC10AA00D0B7E2 /* Frameworks */,
				C742F3591CEC10AA00D0B7E2 /* Resources */,
			);
			buildRules = (
			);
			dependencies = (
				C742F35D1CEC10AA00D0B7E2 /* PBXTargetDependency */,
			);
			name = PolCatUITests;
			productName = GraceNoteUITests;
			productReference = C742F35B1CEC10AA00D0B7E2 /* PolCat.xctest */;
			productType = "com.apple.product-type.bundle.ui-testing";
		};
/* End PBXNativeTarget section */

/* Begin PBXProject section */
		C742F32F1CEC10AA00D0B7E2 /* Project object */ = {
			isa = PBXProject;
			attributes = {
				LastUpgradeCheck = 0730;
				ORGANIZATIONNAME = "Martin Stoufer";
				TargetAttributes = {
					C742F3361CEC10AA00D0B7E2 = {
						CreatedOnToolsVersion = 7.3.1;
						SystemCapabilities = {
							com.apple.BackgroundModes = {
								enabled = 0;
							};
						};
					};
					C742F34F1CEC10AA00D0B7E2 = {
						CreatedOnToolsVersion = 7.3.1;
						TestTargetID = C742F3361CEC10AA00D0B7E2;
					};
					C742F35A1CEC10AA00D0B7E2 = {
						CreatedOnToolsVersion = 7.3.1;
						TestTargetID = C742F3361CEC10AA00D0B7E2;
					};
				};
			};
			buildConfigurationList = C742F3321CEC10AA00D0B7E2 /* Build configuration list for PBXProject "PolCat" */;
			compatibilityVersion = "Xcode 6.3";
			developmentRegion = English;
			hasScannedForEncodings = 0;
			knownRegions = (
				en,
				Base,
			);
			mainGroup = C742F32E1CEC10AA00D0B7E2;
			productRefGroup = C742F3381CEC10AA00D0B7E2 /* Products */;
			projectDirPath = "";
			projectRoot = "";
			targets = (
				C742F3361CEC10AA00D0B7E2 /* PolCat */,
				C742F34F1CEC10AA00D0B7E2 /* PolCatTests */,
				C742F35A1CEC10AA00D0B7E2 /* PolCatUITests */,
			);
		};
/* End PBXProject section */

/* Begin PBXResourcesBuildPhase section */
		C742F3351CEC10AA00D0B7E2 /* Resources */ = {
			isa = PBXResourcesBuildPhase;
			buildActionMask = 2147483647;
			files = (
				C742F34A1CEC10AA00D0B7E2 /* LaunchScreen.storyboard in Resources */,
				C742F3471CEC10AA00D0B7E2 /* Assets.xcassets in Resources */,
				C742F3451CEC10AA00D0B7E2 /* Main.storyboard in Resources */,
			);
			runOnlyForDeploymentPostprocessing = 0;
		};
		C742F34E1CEC10AA00D0B7E2 /* Resources */ = {
			isa = PBXResourcesBuildPhase;
			buildActionMask = 2147483647;
			files = (
			);
			runOnlyForDeploymentPostprocessing = 0;
		};
		C742F3591CEC10AA00D0B7E2 /* Resources */ = {
			isa = PBXResourcesBuildPhase;
			buildActionMask = 2147483647;
			files = (
			);
			runOnlyForDeploymentPostprocessing = 0;
		};
/* End PBXResourcesBuildPhase section */

/* Begin PBXShellScriptBuildPhase section */
		4C7B8E89D10547C59FF6DFB8 /* Embed Pods Frameworks */ = {
			isa = PBXShellScriptBuildPhase;
			buildActionMask = 2147483647;
			files = (
			);
			inputPaths = (
			);
			name = "Embed Pods Frameworks";
			outputPaths = (
			);
			runOnlyForDeploymentPostprocessing = 0;
			shellPath = /bin/sh;
			shellScript = "\"${SRCROOT}/Pods/Target Support Files/Pods/Pods-frameworks.sh\"\n";
			showEnvVarsInLog = 0;
		};
		57265610C90E42E0BB94945F /* Embed Pods Frameworks */ = {
			isa = PBXShellScriptBuildPhase;
			buildActionMask = 2147483647;
			files = (
			);
			inputPaths = (
			);
			name = "Embed Pods Frameworks";
			outputPaths = (
			);
			runOnlyForDeploymentPostprocessing = 0;
			shellPath = /bin/sh;
			shellScript = "\"${SRCROOT}/Pods/Target Support Files/Pods/Pods-frameworks.sh\"\n";
			showEnvVarsInLog = 0;
		};
		7B685A384BAF6C90E08E7DF6 /* Copy Pods Resources */ = {
			isa = PBXShellScriptBuildPhase;
			buildActionMask = 2147483647;
			files = (
			);
			inputPaths = (
			);
			name = "Copy Pods Resources";
			outputPaths = (
			);
			runOnlyForDeploymentPostprocessing = 0;
			shellPath = /bin/sh;
			shellScript = "\"${SRCROOT}/Pods/Target Support Files/Pods/Pods-resources.sh\"\n";
			showEnvVarsInLog = 0;
		};
		B765E4D393C80C373EF1860C /* Check Pods Manifest.lock */ = {
			isa = PBXShellScriptBuildPhase;
			buildActionMask = 2147483647;
			files = (
			);
			inputPaths = (
			);
			name = "Check Pods Manifest.lock";
			outputPaths = (
			);
			runOnlyForDeploymentPostprocessing = 0;
			shellPath = /bin/sh;
			shellScript = "diff \"${PODS_ROOT}/../Podfile.lock\" \"${PODS_ROOT}/Manifest.lock\" > /dev/null\nif [[ $? != 0 ]] ; then\n    cat << EOM\nerror: The sandbox is not in sync with the Podfile.lock. Run 'pod install' or update your CocoaPods installation.\nEOM\n    exit 1\nfi\n";
			showEnvVarsInLog = 0;
		};
		E26A0EBD6498ECC62D70462D /* Copy Pods Resources */ = {
			isa = PBXShellScriptBuildPhase;
			buildActionMask = 2147483647;
			files = (
			);
			inputPaths = (
			);
			name = "Copy Pods Resources";
			outputPaths = (
			);
			runOnlyForDeploymentPostprocessing = 0;
			shellPath = /bin/sh;
			shellScript = "\"${SRCROOT}/Pods/Target Support Files/Pods/Pods-resources.sh\"\n";
			showEnvVarsInLog = 0;
		};
		F5AE3C1F40B95ABE407F07DA /* Check Pods Manifest.lock */ = {
			isa = PBXShellScriptBuildPhase;
			buildActionMask = 2147483647;
			files = (
			);
			inputPaths = (
			);
			name = "Check Pods Manifest.lock";
			outputPaths = (
			);
			runOnlyForDeploymentPostprocessing = 0;
			shellPath = /bin/sh;
			shellScript = "diff \"${PODS_ROOT}/../Podfile.lock\" \"${PODS_ROOT}/Manifest.lock\" > /dev/null\nif [[ $? != 0 ]] ; then\n    cat << EOM\nerror: The sandbox is not in sync with the Podfile.lock. Run 'pod install' or update your CocoaPods installation.\nEOM\n    exit 1\nfi\n";
			showEnvVarsInLog = 0;
		};
/* End PBXShellScriptBuildPhase section */

/* Begin PBXSourcesBuildPhase section */
		C742F3331CEC10AA00D0B7E2 /* Sources */ = {
			isa = PBXSourcesBuildPhase;
			buildActionMask = 2147483647;
			files = (
				C753CA321CEF722C00B0E78E /* TweetDetailViewController.m in Sources */,
				C7B18EE41CED0FBA00B002FE /* Tweet.m in Sources */,
				C742F36F1CEC121000D0B7E2 /* TweeterTableViewCell.m in Sources */,
				C775769F1CF63F1E00A26413 /* RoundedCornersButton.m in Sources */,
				C753CA381CF3D4B500B0E78E /* UIImage+OvalPortrait.m in Sources */,
				C742F3421CEC10AA00D0B7E2 /* TweeterTableViewController.m in Sources */,
				C775769C1CF63E7500A26413 /* UIColor+Additions.m in Sources */,
				C7B18EEA1CED135F00B002FE /* NSString+Utility.m in Sources */,
				C7B18EE71CED0FC700B002FE /* PoliticalTweet.m in Sources */,
				C7B18EDE1CECBE5900B002FE /* TweetStream.m in Sources */,
				C742F33F1CEC10AA00D0B7E2 /* AppDelegate.m in Sources */,
				C7B18EDB1CECB52300B002FE /* TweetImageView.m in Sources */,
				C742F3721CEC187B00D0B7E2 /* TweeterViewController.m in Sources */,
				C753CA351CF3D3DB00B0E78E /* UITextView+RoundedCorners.m in Sources */,
				C742F33C1CEC10AA00D0B7E2 /* main.m in Sources */,
				C7B18EE11CECBE6900B002FE /* PoliticalTweetStream.m in Sources */,
				C7B18EEF1CED283D00B002FE /* FKAuthViewController.m in Sources */,
			);
			runOnlyForDeploymentPostprocessing = 0;
		};
		C742F34C1CEC10AA00D0B7E2 /* Sources */ = {
			isa = PBXSourcesBuildPhase;
			buildActionMask = 2147483647;
			files = (
				C742F3551CEC10AA00D0B7E2 /* GraceNoteTests.m in Sources */,
			);
			runOnlyForDeploymentPostprocessing = 0;
		};
		C742F3571CEC10AA00D0B7E2 /* Sources */ = {
			isa = PBXSourcesBuildPhase;
			buildActionMask = 2147483647;
			files = (
				C742F3601CEC10AA00D0B7E2 /* GraceNoteUITests.m in Sources */,
			);
			runOnlyForDeploymentPostprocessing = 0;
		};
/* End PBXSourcesBuildPhase section */

/* Begin PBXTargetDependency section */
		C742F3521CEC10AA00D0B7E2 /* PBXTargetDependency */ = {
			isa = PBXTargetDependency;
			target = C742F3361CEC10AA00D0B7E2 /* PolCat */;
			targetProxy = C742F3511CEC10AA00D0B7E2 /* PBXContainerItemProxy */;
		};
		C742F35D1CEC10AA00D0B7E2 /* PBXTargetDependency */ = {
			isa = PBXTargetDependency;
			target = C742F3361CEC10AA00D0B7E2 /* PolCat */;
			targetProxy = C742F35C1CEC10AA00D0B7E2 /* PBXContainerItemProxy */;
		};
/* End PBXTargetDependency section */

/* Begin PBXVariantGroup section */
		C742F3431CEC10AA00D0B7E2 /* Main.storyboard */ = {
			isa = PBXVariantGroup;
			children = (
				C742F3441CEC10AA00D0B7E2 /* Base */,
			);
			name = Main.storyboard;
			sourceTree = "<group>";
		};
		C742F3481CEC10AA00D0B7E2 /* LaunchScreen.storyboard */ = {
			isa = PBXVariantGroup;
			children = (
				C742F3491CEC10AA00D0B7E2 /* Base */,
			);
			name = LaunchScreen.storyboard;
			sourceTree = "<group>";
		};
/* End PBXVariantGroup section */

/* Begin XCBuildConfiguration section */
		C742F3621CEC10AA00D0B7E2 /* Debug */ = {
			isa = XCBuildConfiguration;
			buildSettings = {
				ALWAYS_SEARCH_USER_PATHS = NO;
				CLANG_ANALYZER_NONNULL = YES;
				CLANG_CXX_LANGUAGE_STANDARD = "gnu++0x";
				CLANG_CXX_LIBRARY = "libc++";
				CLANG_ENABLE_MODULES = YES;
				CLANG_ENABLE_OBJC_ARC = YES;
				CLANG_WARN_BOOL_CONVERSION = YES;
				CLANG_WARN_CONSTANT_CONVERSION = YES;
				CLANG_WARN_DIRECT_OBJC_ISA_USAGE = YES_ERROR;
				CLANG_WARN_EMPTY_BODY = YES;
				CLANG_WARN_ENUM_CONVERSION = YES;
				CLANG_WARN_INT_CONVERSION = YES;
				CLANG_WARN_OBJC_ROOT_CLASS = YES_ERROR;
				CLANG_WARN_UNREACHABLE_CODE = YES;
				CLANG_WARN__DUPLICATE_METHOD_MATCH = YES;
				"CODE_SIGN_IDENTITY[sdk=iphoneos*]" = "iPhone Developer";
				COPY_PHASE_STRIP = NO;
				DEBUG_INFORMATION_FORMAT = dwarf;
				ENABLE_STRICT_OBJC_MSGSEND = YES;
				ENABLE_TESTABILITY = YES;
				GCC_C_LANGUAGE_STANDARD = gnu99;
				GCC_DYNAMIC_NO_PIC = NO;
				GCC_NO_COMMON_BLOCKS = YES;
				GCC_OPTIMIZATION_LEVEL = 0;
				GCC_PREPROCESSOR_DEFINITIONS = (
					"DEBUG=1",
					"$(inherited)",
				);
				GCC_WARN_64_TO_32_BIT_CONVERSION = YES;
				GCC_WARN_ABOUT_RETURN_TYPE = YES_ERROR;
				GCC_WARN_UNDECLARED_SELECTOR = YES;
				GCC_WARN_UNINITIALIZED_AUTOS = YES_AGGRESSIVE;
				GCC_WARN_UNUSED_FUNCTION = YES;
				GCC_WARN_UNUSED_VARIABLE = YES;
				IPHONEOS_DEPLOYMENT_TARGET = 9.3;
				MTL_ENABLE_DEBUG_INFO = YES;
				ONLY_ACTIVE_ARCH = YES;
				SDKROOT = iphoneos;
				TARGETED_DEVICE_FAMILY = "1,2";
			};
			name = Debug;
		};
		C742F3631CEC10AA00D0B7E2 /* Release */ = {
			isa = XCBuildConfiguration;
			buildSettings = {
				ALWAYS_SEARCH_USER_PATHS = NO;
				CLANG_ANALYZER_NONNULL = YES;
				CLANG_CXX_LANGUAGE_STANDARD = "gnu++0x";
				CLANG_CXX_LIBRARY = "libc++";
				CLANG_ENABLE_MODULES = YES;
				CLANG_ENABLE_OBJC_ARC = YES;
				CLANG_WARN_BOOL_CONVERSION = YES;
				CLANG_WARN_CONSTANT_CONVERSION = YES;
				CLANG_WARN_DIRECT_OBJC_ISA_USAGE = YES_ERROR;
				CLANG_WARN_EMPTY_BODY = YES;
				CLANG_WARN_ENUM_CONVERSION = YES;
				CLANG_WARN_INT_CONVERSION = YES;
				CLANG_WARN_OBJC_ROOT_CLASS = YES_ERROR;
				CLANG_WARN_UNREACHABLE_CODE = YES;
				CLANG_WARN__DUPLICATE_METHOD_MATCH = YES;
				"CODE_SIGN_IDENTITY[sdk=iphoneos*]" = "iPhone Developer";
				COPY_PHASE_STRIP = NO;
				DEBUG_INFORMATION_FORMAT = "dwarf-with-dsym";
				ENABLE_NS_ASSERTIONS = NO;
				ENABLE_STRICT_OBJC_MSGSEND = YES;
				GCC_C_LANGUAGE_STANDARD = gnu99;
				GCC_NO_COMMON_BLOCKS = YES;
				GCC_WARN_64_TO_32_BIT_CONVERSION = YES;
				GCC_WARN_ABOUT_RETURN_TYPE = YES_ERROR;
				GCC_WARN_UNDECLARED_SELECTOR = YES;
				GCC_WARN_UNINITIALIZED_AUTOS = YES_AGGRESSIVE;
				GCC_WARN_UNUSED_FUNCTION = YES;
				GCC_WARN_UNUSED_VARIABLE = YES;
				IPHONEOS_DEPLOYMENT_TARGET = 9.3;
				MTL_ENABLE_DEBUG_INFO = NO;
				SDKROOT = iphoneos;
				TARGETED_DEVICE_FAMILY = "1,2";
				VALIDATE_PRODUCT = YES;
			};
			name = Release;
		};
		C742F3651CEC10AA00D0B7E2 /* Debug */ = {
			isa = XCBuildConfiguration;
			baseConfigurationReference = E75BCA891B65B1068CC184B8 /* Pods.debug.xcconfig */;
			buildSettings = {
				ASSETCATALOG_COMPILER_APPICON_NAME = AppIcon;
				ASSETCATALOG_COMPILER_LAUNCHIMAGE_NAME = LaunchImage;
				CODE_SIGN_IDENTITY = "iPhone Developer";
				INFOPLIST_FILE = GraceNote/Info.plist;
				LD_RUNPATH_SEARCH_PATHS = "$(inherited) @executable_path/Frameworks";
				PRODUCT_BUNDLE_IDENTIFIER = org.political.free.polcat;
				PRODUCT_NAME = PolCat;
				TARGETED_DEVICE_FAMILY = 1;
			};
			name = Debug;
		};
		C742F3661CEC10AA00D0B7E2 /* Release */ = {
			isa = XCBuildConfiguration;
			baseConfigurationReference = BF356B2080321547469256FC /* Pods.release.xcconfig */;
			buildSettings = {
				ASSETCATALOG_COMPILER_APPICON_NAME = AppIcon;
				ASSETCATALOG_COMPILER_LAUNCHIMAGE_NAME = LaunchImage;
				CODE_SIGN_IDENTITY = "iPhone Developer";
				INFOPLIST_FILE = GraceNote/Info.plist;
				LD_RUNPATH_SEARCH_PATHS = "$(inherited) @executable_path/Frameworks";
				PRODUCT_BUNDLE_IDENTIFIER = org.political.free.polcat;
				PRODUCT_NAME = PolCat;
				TARGETED_DEVICE_FAMILY = 1;
			};
			name = Release;
		};
		C742F3681CEC10AA00D0B7E2 /* Debug */ = {
			isa = XCBuildConfiguration;
			baseConfigurationReference = E75BCA891B65B1068CC184B8 /* Pods.debug.xcconfig */;
			buildSettings = {
				BUNDLE_LOADER = "$(TEST_HOST)";
				INFOPLIST_FILE = GraceNoteTests/Info.plist;
				LD_RUNPATH_SEARCH_PATHS = "$(inherited) @executable_path/Frameworks @loader_path/Frameworks";
				PRODUCT_BUNDLE_IDENTIFIER = org.martin.stoufer.GraceNoteTests;
				PRODUCT_NAME = PolCat;
				TEST_HOST = "$(BUILT_PRODUCTS_DIR)/PolCat.app/PolCat";
			};
			name = Debug;
		};
		C742F3691CEC10AA00D0B7E2 /* Release */ = {
			isa = XCBuildConfiguration;
			baseConfigurationReference = BF356B2080321547469256FC /* Pods.release.xcconfig */;
			buildSettings = {
				BUNDLE_LOADER = "$(TEST_HOST)";
				INFOPLIST_FILE = GraceNoteTests/Info.plist;
				LD_RUNPATH_SEARCH_PATHS = "$(inherited) @executable_path/Frameworks @loader_path/Frameworks";
				PRODUCT_BUNDLE_IDENTIFIER = org.martin.stoufer.GraceNoteTests;
				PRODUCT_NAME = PolCat;
				TEST_HOST = "$(BUILT_PRODUCTS_DIR)/PolCat.app/PolCat";
			};
			name = Release;
		};
		C742F36B1CEC10AA00D0B7E2 /* Debug */ = {
			isa = XCBuildConfiguration;
			buildSettings = {
				INFOPLIST_FILE = GraceNoteUITests/Info.plist;
				LD_RUNPATH_SEARCH_PATHS = "$(inherited) @executable_path/Frameworks @loader_path/Frameworks";
				PRODUCT_BUNDLE_IDENTIFIER = org.martin.stoufer.GraceNoteUITests;
				PRODUCT_NAME = PolCat;
				TEST_TARGET_NAME = GraceNote;
			};
			name = Debug;
		};
		C742F36C1CEC10AA00D0B7E2 /* Release */ = {
			isa = XCBuildConfiguration;
			buildSettings = {
				INFOPLIST_FILE = GraceNoteUITests/Info.plist;
				LD_RUNPATH_SEARCH_PATHS = "$(inherited) @executable_path/Frameworks @loader_path/Frameworks";
				PRODUCT_BUNDLE_IDENTIFIER = org.martin.stoufer.GraceNoteUITests;
				PRODUCT_NAME = PolCat;
				TEST_TARGET_NAME = GraceNote;
			};
			name = Release;
		};
/* End XCBuildConfiguration section */

/* Begin XCConfigurationList section */
		C742F3321CEC10AA00D0B7E2 /* Build configuration list for PBXProject "PolCat" */ = {
			isa = XCConfigurationList;
			buildConfigurations = (
				C742F3621CEC10AA00D0B7E2 /* Debug */,
				C742F3631CEC10AA00D0B7E2 /* Release */,
			);
			defaultConfigurationIsVisible = 0;
			defaultConfigurationName = Release;
		};
		C742F3641CEC10AA00D0B7E2 /* Build configuration list for PBXNativeTarget "PolCat" */ = {
			isa = XCConfigurationList;
			buildConfigurations = (
				C742F3651CEC10AA00D0B7E2 /* Debug */,
				C742F3661CEC10AA00D0B7E2 /* Release */,
			);
			defaultConfigurationIsVisible = 0;
			defaultConfigurationName = Release;
		};
		C742F3671CEC10AA00D0B7E2 /* Build configuration list for PBXNativeTarget "PolCatTests" */ = {
			isa = XCConfigurationList;
			buildConfigurations = (
				C742F3681CEC10AA00D0B7E2 /* Debug */,
				C742F3691CEC10AA00D0B7E2 /* Release */,
			);
			defaultConfigurationIsVisible = 0;
			defaultConfigurationName = Release;
		};
		C742F36A1CEC10AA00D0B7E2 /* Build configuration list for PBXNativeTarget "PolCatUITests" */ = {
			isa = XCConfigurationList;
			buildConfigurations = (
				C742F36B1CEC10AA00D0B7E2 /* Debug */,
				C742F36C1CEC10AA00D0B7E2 /* Release */,
			);
			defaultConfigurationIsVisible = 0;
			defaultConfigurationName = Release;
		};
/* End XCConfigurationList section */
	};
	rootObject = C742F32F1CEC10AA00D0B7E2 /* Project object */;
}
